
Microsoft Visual Studio Solution File, Format Version 12.00
# Visual Studio Version 17
VisualStudioVersion = 17.11.35327.3
MinimumVisualStudioVersion = 10.0.40219.1
Project("{FAE04EC0-301F-11D3-BF4B-00C04F79EFBC}") = "my_proj", "my_proj\my_proj.csproj", "{04411903-90EB-4DBF-B0D7-55D839E0B842}"
EndProject
Global
	GlobalSection(SolutionConfigurationPlatforms) = preSolution
		Debug|Any CPU = Debug|Any CPU
		Release|Any CPU = Release|Any CPU
	EndGlobalSection
	GlobalSection(ProjectConfigurationPlatforms) = postSolution
		{04411903-90EB-4DBF-B0D7-55D839E0B842}.Debug|Any CPU.ActiveCfg = Debug|Any CPU
		{04411903-90EB-4DBF-B0D7-55D839E0B842}.Debug|Any CPU.Build.0 = Debug|Any CPU
		{04411903-90EB-4DBF-B0D7-55D839E0B842}.Release|Any CPU.ActiveCfg = Release|Any CPU
		{04411903-90EB-4DBF-B0D7-55D839E0B842}.Release|Any CPU.Build.0 = Release|Any CPU
	EndGlobalSection
	GlobalSection(SolutionProperties) = preSolution
		HideSolutionNode = FALSE
	EndGlobalSection
	GlobalSection(ExtensibilityGlobals) = postSolution
		SolutionGuid = {581FE311-9F55-4177-B80A-73DC2D3C40A2}
	EndGlobalSection
EndGlobal
